// !$*UTF8*$!
{
	archiveVersion = 1;
	classes = {
	};
	objectVersion = 46;
	objects = {

/* Begin PBXBuildFile section */
		F5234C191EB8ECFF007B2A08 /* BaseAnimator.m in Sources */ = {isa = PBXBuildFile; fileRef = F5234C181EB8ECFF007B2A08 /* BaseAnimator.m */; };
		F5234C1C1EB8ED61007B2A08 /* MiniToLargeViewAnimator.m in Sources */ = {isa = PBXBuildFile; fileRef = F5234C1B1EB8ED61007B2A08 /* MiniToLargeViewAnimator.m */; };
		F5234C1F1EB8F220007B2A08 /* MiniToLargeViewInteractive.m in Sources */ = {isa = PBXBuildFile; fileRef = F5234C1E1EB8F220007B2A08 /* MiniToLargeViewInteractive.m */; };
		F5234C2E1EBCE7FB007B2A08 /* MSPresentationController.m in Sources */ = {isa = PBXBuildFile; fileRef = F5234C2D1EBCE7FB007B2A08 /* MSPresentationController.m */; };
		F53379BB1EB63FD80044CD57 /* MSCollectionViewCell.m in Sources */ = {isa = PBXBuildFile; fileRef = F53379BA1EB63FD80044CD57 /* MSCollectionViewCell.m */; };
		F53379BF1EB65D540044CD57 /* MSItems.m in Sources */ = {isa = PBXBuildFile; fileRef = F53379BE1EB65D540044CD57 /* MSItems.m */; };
		F53379C31EB855EF0044CD57 /* MSPersonaMainViewController.m in Sources */ = {isa = PBXBuildFile; fileRef = F53379C21EB855EF0044CD57 /* MSPersonaMainViewController.m */; };
		F57117611EAEA5450080B9C6 /* main.m in Sources */ = {isa = PBXBuildFile; fileRef = F57117601EAEA5450080B9C6 /* main.m */; };
		F57117641EAEA5450080B9C6 /* AppDelegate.m in Sources */ = {isa = PBXBuildFile; fileRef = F57117631EAEA5450080B9C6 /* AppDelegate.m */; };
		F57117671EAEA5450080B9C6 /* ViewController.m in Sources */ = {isa = PBXBuildFile; fileRef = F57117661EAEA5450080B9C6 /* ViewController.m */; };
		F571176A1EAEA5450080B9C6 /* Main.storyboard in Resources */ = {isa = PBXBuildFile; fileRef = F57117681EAEA5450080B9C6 /* Main.storyboard */; };
		F571176C1EAEA5450080B9C6 /* Assets.xcassets in Resources */ = {isa = PBXBuildFile; fileRef = F571176B1EAEA5450080B9C6 /* Assets.xcassets */; };
		F571176F1EAEA5450080B9C6 /* LaunchScreen.storyboard in Resources */ = {isa = PBXBuildFile; fileRef = F571176D1EAEA5450080B9C6 /* LaunchScreen.storyboard */; };
		F571177B1EAFE2F70080B9C6 /* HMSegmentedControl.m in Sources */ = {isa = PBXBuildFile; fileRef = F571177A1EAFE2F70080B9C6 /* HMSegmentedControl.m */; };
		F5863A891EC076C700144A8F /* DummyView.m in Sources */ = {isa = PBXBuildFile; fileRef = F5863A881EC076C700144A8F /* DummyView.m */; };
		F5FC724E1EBF9C7C00AFE8F7 /* MSPersonsCollectionViewController.m in Sources */ = {isa = PBXBuildFile; fileRef = F5FC724D1EBF9C7C00AFE8F7 /* MSPersonsCollectionViewController.m */; };
/* End PBXBuildFile section */

/* Begin PBXFileReference section */
		F5234C171EB8ECFF007B2A08 /* BaseAnimator.h */ = {isa = PBXFileReference; fileEncoding = 4; lastKnownFileType = sourcecode.c.h; path = BaseAnimator.h; sourceTree = "<group>"; };
		F5234C181EB8ECFF007B2A08 /* BaseAnimator.m */ = {isa = PBXFileReference; fileEncoding = 4; lastKnownFileType = sourcecode.c.objc; path = BaseAnimator.m; sourceTree = "<group>"; };
		F5234C1A1EB8ED61007B2A08 /* MiniToLargeViewAnimator.h */ = {isa = PBXFileReference; fileEncoding = 4; lastKnownFileType = sourcecode.c.h; path = MiniToLargeViewAnimator.h; sourceTree = "<group>"; };
		F5234C1B1EB8ED61007B2A08 /* MiniToLargeViewAnimator.m */ = {isa = PBXFileReference; fileEncoding = 4; lastKnownFileType = sourcecode.c.objc; path = MiniToLargeViewAnimator.m; sourceTree = "<group>"; };
		F5234C1D1EB8F220007B2A08 /* MiniToLargeViewInteractive.h */ = {isa = PBXFileReference; fileEncoding = 4; lastKnownFileType = sourcecode.c.h; path = MiniToLargeViewInteractive.h; sourceTree = "<group>"; };
		F5234C1E1EB8F220007B2A08 /* MiniToLargeViewInteractive.m */ = {isa = PBXFileReference; fileEncoding = 4; lastKnownFileType = sourcecode.c.objc; path = MiniToLargeViewInteractive.m; sourceTree = "<group>"; };
		F5234C2C1EBCE7FB007B2A08 /* MSPresentationController.h */ = {isa = PBXFileReference; fileEncoding = 4; lastKnownFileType = sourcecode.c.h; path = MSPresentationController.h; sourceTree = "<group>"; };
		F5234C2D1EBCE7FB007B2A08 /* MSPresentationController.m */ = {isa = PBXFileReference; fileEncoding = 4; lastKnownFileType = sourcecode.c.objc; path = MSPresentationController.m; sourceTree = "<group>"; };
		F53379B91EB63FD80044CD57 /* MSCollectionViewCell.h */ = {isa = PBXFileReference; fileEncoding = 4; lastKnownFileType = sourcecode.c.h; path = MSCollectionViewCell.h; sourceTree = "<group>"; };
		F53379BA1EB63FD80044CD57 /* MSCollectionViewCell.m */ = {isa = PBXFileReference; fileEncoding = 4; lastKnownFileType = sourcecode.c.objc; path = MSCollectionViewCell.m; sourceTree = "<group>"; };
		F53379BD1EB65D540044CD57 /* MSItems.h */ = {isa = PBXFileReference; fileEncoding = 4; lastKnownFileType = sourcecode.c.h; path = MSItems.h; sourceTree = "<group>"; };
		F53379BE1EB65D540044CD57 /* MSItems.m */ = {isa = PBXFileReference; fileEncoding = 4; lastKnownFileType = sourcecode.c.objc; path = MSItems.m; sourceTree = "<group>"; };
		F53379C11EB855EF0044CD57 /* MSPersonaMainViewController.h */ = {isa = PBXFileReference; fileEncoding = 4; lastKnownFileType = sourcecode.c.h; path = MSPersonaMainViewController.h; sourceTree = "<group>"; };
		F53379C21EB855EF0044CD57 /* MSPersonaMainViewController.m */ = {isa = PBXFileReference; fileEncoding = 4; lastKnownFileType = sourcecode.c.objc; path = MSPersonaMainViewController.m; sourceTree = "<group>"; };
		F571175C1EAEA5450080B9C6 /* MustApp.app */ = {isa = PBXFileReference; explicitFileType = wrapper.application; includeInIndex = 0; path = MustApp.app; sourceTree = BUILT_PRODUCTS_DIR; };
		F57117601EAEA5450080B9C6 /* main.m */ = {isa = PBXFileReference; lastKnownFileType = sourcecode.c.objc; path = main.m; sourceTree = "<group>"; };
		F57117621EAEA5450080B9C6 /* AppDelegate.h */ = {isa = PBXFileReference; lastKnownFileType = sourcecode.c.h; path = AppDelegate.h; sourceTree = "<group>"; };
		F57117631EAEA5450080B9C6 /* AppDelegate.m */ = {isa = PBXFileReference; lastKnownFileType = sourcecode.c.objc; path = AppDelegate.m; sourceTree = "<group>"; };
		F57117651EAEA5450080B9C6 /* ViewController.h */ = {isa = PBXFileReference; lastKnownFileType = sourcecode.c.h; path = ViewController.h; sourceTree = "<group>"; };
		F57117661EAEA5450080B9C6 /* ViewController.m */ = {isa = PBXFileReference; lastKnownFileType = sourcecode.c.objc; path = ViewController.m; sourceTree = "<group>"; };
		F57117691EAEA5450080B9C6 /* Base */ = {isa = PBXFileReference; lastKnownFileType = file.storyboard; name = Base; path = Base.lproj/Main.storyboard; sourceTree = "<group>"; };
		F571176B1EAEA5450080B9C6 /* Assets.xcassets */ = {isa = PBXFileReference; lastKnownFileType = folder.assetcatalog; path = Assets.xcassets; sourceTree = "<group>"; };
		F571176E1EAEA5450080B9C6 /* Base */ = {isa = PBXFileReference; lastKnownFileType = file.storyboard; name = Base; path = Base.lproj/LaunchScreen.storyboard; sourceTree = "<group>"; };
		F57117701EAEA5450080B9C6 /* Info.plist */ = {isa = PBXFileReference; lastKnownFileType = text.plist.xml; path = Info.plist; sourceTree = "<group>"; };
		F57117791EAFE2F70080B9C6 /* HMSegmentedControl.h */ = {isa = PBXFileReference; fileEncoding = 4; lastKnownFileType = sourcecode.c.h; name = HMSegmentedControl.h; path = Framework/HMSegmentedControl.h; sourceTree = "<group>"; };
		F571177A1EAFE2F70080B9C6 /* HMSegmentedControl.m */ = {isa = PBXFileReference; fileEncoding = 4; lastKnownFileType = sourcecode.c.objc; name = HMSegmentedControl.m; path = Framework/HMSegmentedControl.m; sourceTree = "<group>"; };
		F5863A871EC076C700144A8F /* DummyView.h */ = {isa = PBXFileReference; fileEncoding = 4; lastKnownFileType = sourcecode.c.h; path = DummyView.h; sourceTree = "<group>"; };
		F5863A881EC076C700144A8F /* DummyView.m */ = {isa = PBXFileReference; fileEncoding = 4; lastKnownFileType = sourcecode.c.objc; path = DummyView.m; sourceTree = "<group>"; };
		F5FC724C1EBF9C7C00AFE8F7 /* MSPersonsCollectionViewController.h */ = {isa = PBXFileReference; fileEncoding = 4; lastKnownFileType = sourcecode.c.h; path = MSPersonsCollectionViewController.h; sourceTree = "<group>"; };
		F5FC724D1EBF9C7C00AFE8F7 /* MSPersonsCollectionViewController.m */ = {isa = PBXFileReference; fileEncoding = 4; lastKnownFileType = sourcecode.c.objc; path = MSPersonsCollectionViewController.m; sourceTree = "<group>"; };
/* End PBXFileReference section */

/* Begin PBXFrameworksBuildPhase section */
		F57117591EAEA5450080B9C6 /* Frameworks */ = {
			isa = PBXFrameworksBuildPhase;
			buildActionMask = 2147483647;
			files = (
			);
			runOnlyForDeploymentPostprocessing = 0;
		};
/* End PBXFrameworksBuildPhase section */

/* Begin PBXGroup section */
		F53379C01EB65D5E0044CD57 /* Items */ = {
			isa = PBXGroup;
			children = (
				F53379BD1EB65D540044CD57 /* MSItems.h */,
				F53379BE1EB65D540044CD57 /* MSItems.m */,
				F53379B91EB63FD80044CD57 /* MSCollectionViewCell.h */,
				F53379BA1EB63FD80044CD57 /* MSCollectionViewCell.m */,
			);
			name = Items;
			sourceTree = "<group>";
		};
		F57117531EAEA5450080B9C6 = {
			isa = PBXGroup;
			children = (
				F571175E1EAEA5450080B9C6 /* MustApp */,
				F571175D1EAEA5450080B9C6 /* Products */,
			);
			sourceTree = "<group>";
		};
		F571175D1EAEA5450080B9C6 /* Products */ = {
			isa = PBXGroup;
			children = (
				F571175C1EAEA5450080B9C6 /* MustApp.app */,
			);
			name = Products;
			sourceTree = "<group>";
		};
		F571175E1EAEA5450080B9C6 /* MustApp */ = {
			isa = PBXGroup;
			children = (
				F5863A861EBFA17200144A8F /* Animator */,
				F5FC724C1EBF9C7C00AFE8F7 /* MSPersonsCollectionViewController.h */,
				F5FC724D1EBF9C7C00AFE8F7 /* MSPersonsCollectionViewController.m */,
				F5234C2C1EBCE7FB007B2A08 /* MSPresentationController.h */,
				F5234C2D1EBCE7FB007B2A08 /* MSPresentationController.m */,
				F5234C1D1EB8F220007B2A08 /* MiniToLargeViewInteractive.h */,
				F5234C1E1EB8F220007B2A08 /* MiniToLargeViewInteractive.m */,
				F53379C11EB855EF0044CD57 /* MSPersonaMainViewController.h */,
				F53379C21EB855EF0044CD57 /* MSPersonaMainViewController.m */,
				F53379C01EB65D5E0044CD57 /* Items */,
				F57117781EAFE2C30080B9C6 /* Framework */,
				F57117621EAEA5450080B9C6 /* AppDelegate.h */,
				F57117631EAEA5450080B9C6 /* AppDelegate.m */,
				F57117651EAEA5450080B9C6 /* ViewController.h */,
				F57117661EAEA5450080B9C6 /* ViewController.m */,
				F57117681EAEA5450080B9C6 /* Main.storyboard */,
				F571176B1EAEA5450080B9C6 /* Assets.xcassets */,
				F571176D1EAEA5450080B9C6 /* LaunchScreen.storyboard */,
				F57117701EAEA5450080B9C6 /* Info.plist */,
				F571175F1EAEA5450080B9C6 /* Supporting Files */,
			);
			path = MustApp;
			sourceTree = "<group>";
		};
		F571175F1EAEA5450080B9C6 /* Supporting Files */ = {
			isa = PBXGroup;
			children = (
				F57117601EAEA5450080B9C6 /* main.m */,
			);
			name = "Supporting Files";
			sourceTree = "<group>";
		};
		F57117781EAFE2C30080B9C6 /* Framework */ = {
			isa = PBXGroup;
			children = (
				F57117791EAFE2F70080B9C6 /* HMSegmentedControl.h */,
				F571177A1EAFE2F70080B9C6 /* HMSegmentedControl.m */,
			);
			name = Framework;
			sourceTree = "<group>";
		};
		F5863A861EBFA17200144A8F /* Animator */ = {
			isa = PBXGroup;
			children = (
				F5234C1A1EB8ED61007B2A08 /* MiniToLargeViewAnimator.h */,
				F5234C1B1EB8ED61007B2A08 /* MiniToLargeViewAnimator.m */,
				F5234C171EB8ECFF007B2A08 /* BaseAnimator.h */,
				F5234C181EB8ECFF007B2A08 /* BaseAnimator.m */,
				F5863A871EC076C700144A8F /* DummyView.h */,
				F5863A881EC076C700144A8F /* DummyView.m */,
			);
			name = Animator;
			sourceTree = "<group>";
		};
/* End PBXGroup section */

/* Begin PBXNativeTarget section */
		F571175B1EAEA5450080B9C6 /* MustApp */ = {
			isa = PBXNativeTarget;
			buildConfigurationList = F57117731EAEA5450080B9C6 /* Build configuration list for PBXNativeTarget "MustApp" */;
			buildPhases = (
				F57117581EAEA5450080B9C6 /* Sources */,
				F57117591EAEA5450080B9C6 /* Frameworks */,
				F571175A1EAEA5450080B9C6 /* Resources */,
			);
			buildRules = (
			);
			dependencies = (
			);
			name = MustApp;
			productName = MustApp;
			productReference = F571175C1EAEA5450080B9C6 /* MustApp.app */;
			productType = "com.apple.product-type.application";
		};
/* End PBXNativeTarget section */

/* Begin PBXProject section */
		F57117541EAEA5450080B9C6 /* Project object */ = {
			isa = PBXProject;
			attributes = {
				LastUpgradeCheck = 0830;
				ORGANIZATIONNAME = "Максим Стегниенко";
				TargetAttributes = {
					F571175B1EAEA5450080B9C6 = {
						CreatedOnToolsVersion = 8.3.1;
						DevelopmentTeam = 2E7KMG8542;
						ProvisioningStyle = Automatic;
					};
				};
			};
			buildConfigurationList = F57117571EAEA5450080B9C6 /* Build configuration list for PBXProject "MustApp" */;
			compatibilityVersion = "Xcode 3.2";
			developmentRegion = English;
			hasScannedForEncodings = 0;
			knownRegions = (
				en,
				Base,
			);
			mainGroup = F57117531EAEA5450080B9C6;
			productRefGroup = F571175D1EAEA5450080B9C6 /* Products */;
			projectDirPath = "";
			projectRoot = "";
			targets = (
				F571175B1EAEA5450080B9C6 /* MustApp */,
			);
		};
/* End PBXProject section */

/* Begin PBXResourcesBuildPhase section */
		F571175A1EAEA5450080B9C6 /* Resources */ = {
			isa = PBXResourcesBuildPhase;
			buildActionMask = 2147483647;
			files = (
				F571176F1EAEA5450080B9C6 /* LaunchScreen.storyboard in Resources */,
				F571176C1EAEA5450080B9C6 /* Assets.xcassets in Resources */,
				F571176A1EAEA5450080B9C6 /* Main.storyboard in Resources */,
			);
			runOnlyForDeploymentPostprocessing = 0;
		};
/* End PBXResourcesBuildPhase section */

/* Begin PBXSourcesBuildPhase section */
		F57117581EAEA5450080B9C6 /* Sources */ = {
			isa = PBXSourcesBuildPhase;
			buildActionMask = 2147483647;
			files = (
				F53379C31EB855EF0044CD57 /* MSPersonaMainViewController.m in Sources */,
				F5234C1F1EB8F220007B2A08 /* MiniToLargeViewInteractive.m in Sources */,
				F5234C2E1EBCE7FB007B2A08 /* MSPresentationController.m in Sources */,
				F5FC724E1EBF9C7C00AFE8F7 /* MSPersonsCollectionViewController.m in Sources */,
				F53379BB1EB63FD80044CD57 /* MSCollectionViewCell.m in Sources */,
				F57117671EAEA5450080B9C6 /* ViewController.m in Sources */,
				F571177B1EAFE2F70080B9C6 /* HMSegmentedControl.m in Sources */,
				F5863A891EC076C700144A8F /* DummyView.m in Sources */,
				F57117641EAEA5450080B9C6 /* AppDelegate.m in Sources */,
				F53379BF1EB65D540044CD57 /* MSItems.m in Sources */,
				F57117611EAEA5450080B9C6 /* main.m in Sources */,
				F5234C191EB8ECFF007B2A08 /* BaseAnimator.m in Sources */,
				F5234C1C1EB8ED61007B2A08 /* MiniToLargeViewAnimator.m in Sources */,
			);
			runOnlyForDeploymentPostprocessing = 0;
		};
/* End PBXSourcesBuildPhase section */

/* Begin PBXVariantGroup section */
		F57117681EAEA5450080B9C6 /* Main.storyboard */ = {
			isa = PBXVariantGroup;
			children = (
				F57117691EAEA5450080B9C6 /* Base */,
			);
			name = Main.storyboard;
			sourceTree = "<group>";
		};
		F571176D1EAEA5450080B9C6 /* LaunchScreen.storyboard */ = {
			isa = PBXVariantGroup;
			children = (
				F571176E1EAEA5450080B9C6 /* Base */,
			);
			name = LaunchScreen.storyboard;
			sourceTree = "<group>";
		};
/* End PBXVariantGroup section */

/* Begin XCBuildConfiguration section */
		F57117711EAEA5450080B9C6 /* Debug */ = {
			isa = XCBuildConfiguration;
			buildSettings = {
				ALWAYS_SEARCH_USER_PATHS = NO;
				CLANG_ANALYZER_NONNULL = YES;
				CLANG_ANALYZER_NUMBER_OBJECT_CONVERSION = YES_AGGRESSIVE;
				CLANG_CXX_LANGUAGE_STANDARD = "gnu++0x";
				CLANG_CXX_LIBRARY = "libc++";
				CLANG_ENABLE_MODULES = YES;
				CLANG_ENABLE_OBJC_ARC = YES;
				CLANG_WARN_BOOL_CONVERSION = YES;
				CLANG_WARN_CONSTANT_CONVERSION = YES;
				CLANG_WARN_DIRECT_OBJC_ISA_USAGE = YES_ERROR;
				CLANG_WARN_DOCUMENTATION_COMMENTS = YES;
				CLANG_WARN_EMPTY_BODY = YES;
				CLANG_WARN_ENUM_CONVERSION = YES;
				CLANG_WARN_INFINITE_RECURSION = YES;
				CLANG_WARN_INT_CONVERSION = YES;
				CLANG_WARN_OBJC_ROOT_CLASS = YES_ERROR;
				CLANG_WARN_SUSPICIOUS_MOVE = YES;
				CLANG_WARN_UNREACHABLE_CODE = YES;
				CLANG_WARN__DUPLICATE_METHOD_MATCH = YES;
				"CODE_SIGN_IDENTITY[sdk=iphoneos*]" = "iPhone Developer";
				COPY_PHASE_STRIP = NO;
				DEBUG_INFORMATION_FORMAT = dwarf;
				ENABLE_STRICT_OBJC_MSGSEND = YES;
				ENABLE_TESTABILITY = YES;
				GCC_C_LANGUAGE_STANDARD = gnu99;
				GCC_DYNAMIC_NO_PIC = NO;
				GCC_NO_COMMON_BLOCKS = YES;
				GCC_OPTIMIZATION_LEVEL = 0;
				GCC_PREPROCESSOR_DEFINITIONS = (
					"DEBUG=1",
					"$(inherited)",
				);
				GCC_WARN_64_TO_32_BIT_CONVERSION = YES;
				GCC_WARN_ABOUT_RETURN_TYPE = YES_ERROR;
				GCC_WARN_UNDECLARED_SELECTOR = YES;
				GCC_WARN_UNINITIALIZED_AUTOS = YES_AGGRESSIVE;
				GCC_WARN_UNUSED_FUNCTION = YES;
				GCC_WARN_UNUSED_VARIABLE = YES;
				IPHONEOS_DEPLOYMENT_TARGET = 10.3;
				MTL_ENABLE_DEBUG_INFO = YES;
				ONLY_ACTIVE_ARCH = YES;
				SDKROOT = iphoneos;
			};
			name = Debug;
		};
		F57117721EAEA5450080B9C6 /* Release */ = {
			isa = XCBuildConfiguration;
			buildSettings = {
				ALWAYS_SEARCH_USER_PATHS = NO;
				CLANG_ANALYZER_NONNULL = YES;
				CLANG_ANALYZER_NUMBER_OBJECT_CONVERSION = YES_AGGRESSIVE;
				CLANG_CXX_LANGUAGE_STANDARD = "gnu++0x";
				CLANG_CXX_LIBRARY = "libc++";
				CLANG_ENABLE_MODULES = YES;
				CLANG_ENABLE_OBJC_ARC = YES;
				CLANG_WARN_BOOL_CONVERSION = YES;
				CLANG_WARN_CONSTANT_CONVERSION = YES;
				CLANG_WARN_DIRECT_OBJC_ISA_USAGE = YES_ERROR;
				CLANG_WARN_DOCUMENTATION_COMMENTS = YES;
				CLANG_WARN_EMPTY_BODY = YES;
				CLANG_WARN_ENUM_CONVERSION = YES;
				CLANG_WARN_INFINITE_RECURSION = YES;
				CLANG_WARN_INT_CONVERSION = YES;
				CLANG_WARN_OBJC_ROOT_CLASS = YES_ERROR;
				CLANG_WARN_SUSPICIOUS_MOVE = YES;
				CLANG_WARN_UNREACHABLE_CODE = YES;
				CLANG_WARN__DUPLICATE_METHOD_MATCH = YES;
				"CODE_SIGN_IDENTITY[sdk=iphoneos*]" = "iPhone Developer";
				COPY_PHASE_STRIP = NO;
				DEBUG_INFORMATION_FORMAT = "dwarf-with-dsym";
				ENABLE_NS_ASSERTIONS = NO;
				ENABLE_STRICT_OBJC_MSGSEND = YES;
				GCC_C_LANGUAGE_STANDARD = gnu99;
				GCC_NO_COMMON_BLOCKS = YES;
				GCC_WARN_64_TO_32_BIT_CONVERSION = YES;
				GCC_WARN_ABOUT_RETURN_TYPE = YES_ERROR;
				GCC_WARN_UNDECLARED_SELECTOR = YES;
				GCC_WARN_UNINITIALIZED_AUTOS = YES_AGGRESSIVE;
				GCC_WARN_UNUSED_FUNCTION = YES;
				GCC_WARN_UNUSED_VARIABLE = YES;
				IPHONEOS_DEPLOYMENT_TARGET = 10.3;
				MTL_ENABLE_DEBUG_INFO = NO;
				SDKROOT = iphoneos;
				VALIDATE_PRODUCT = YES;
			};
			name = Release;
		};
		F57117741EAEA5450080B9C6 /* Debug */ = {
			isa = XCBuildConfiguration;
			buildSettings = {
				ASSETCATALOG_COMPILER_APPICON_NAME = AppIcon;
				DEVELOPMENT_TEAM = 2E7KMG8542;
				INFOPLIST_FILE = MustApp/Info.plist;
				LD_RUNPATH_SEARCH_PATHS = "$(inherited) @executable_path/Frameworks";
				PRODUCT_BUNDLE_IDENTIFIER = com.MaximStegnienko.MustApp;
				PRODUCT_NAME = "$(TARGET_NAME)";
			};
			name = Debug;
		};
		F57117751EAEA5450080B9C6 /* Release */ = {
			isa = XCBuildConfiguration;
			buildSettings = {
				ASSETCATALOG_COMPILER_APPICON_NAME = AppIcon;
				DEVELOPMENT_TEAM = 2E7KMG8542;
				INFOPLIST_FILE = MustApp/Info.plist;
				LD_RUNPATH_SEARCH_PATHS = "$(inherited) @executable_path/Frameworks";
				PRODUCT_BUNDLE_IDENTIFIER = com.MaximStegnienko.MustApp;
				PRODUCT_NAME = "$(TARGET_NAME)";
			};
			name = Release;
		};
/* End XCBuildConfiguration section */

/* Begin XCConfigurationList section */
		F57117571EAEA5450080B9C6 /* Build configuration list for PBXProject "MustApp" */ = {
			isa = XCConfigurationList;
			buildConfigurations = (
				F57117711EAEA5450080B9C6 /* Debug */,
				F57117721EAEA5450080B9C6 /* Release */,
			);
			defaultConfigurationIsVisible = 0;
			defaultConfigurationName = Release;
		};
		F57117731EAEA5450080B9C6 /* Build configuration list for PBXNativeTarget "MustApp" */ = {
			isa = XCConfigurationList;
			buildConfigurations = (
				F57117741EAEA5450080B9C6 /* Debug */,
				F57117751EAEA5450080B9C6 /* Release */,
			);
			defaultConfigurationIsVisible = 0;
			defaultConfigurationName = Release;
		};
/* End XCConfigurationList section */
	};
	rootObject = F57117541EAEA5450080B9C6 /* Project object */;
}
